
Microsoft Visual Studio Solution File, Format Version 12.00
# Visual Studio Version 17
VisualStudioVersion = 17.14.36301.6 d17.14
MinimumVisualStudioVersion = 10.0.40219.1
Project("{FAE04EC0-301F-11D3-BF4B-00C04F79EFBC}") = "BibliotecaAPI", "BibliotecaAPI.csproj", "{6167C770-29BD-4739-8C7D-8D26635C7B73}"
EndProject
Global
	GlobalSection(SolutionConfigurationPlatforms) = preSolution
		Debug|Any CPU = Debug|Any CPU
		Release|Any CPU = Release|Any CPU
	EndGlobalSection
	GlobalSection(ProjectConfigurationPlatforms) = postSolution
		{6167C770-29BD-4739-8C7D-8D26635C7B73}.Debug|Any CPU.ActiveCfg = Debug|Any CPU
		{6167C770-29BD-4739-8C7D-8D26635C7B73}.Debug|Any CPU.Build.0 = Debug|Any CPU
		{6167C770-29BD-4739-8C7D-8D26635C7B73}.Release|Any CPU.ActiveCfg = Release|Any CPU
		{6167C770-29BD-4739-8C7D-8D26635C7B73}.Release|Any CPU.Build.0 = Release|Any CPU
	EndGlobalSection
	GlobalSection(SolutionProperties) = preSolution
		HideSolutionNode = FALSE
	EndGlobalSection
	GlobalSection(ExtensibilityGlobals) = postSolution
		SolutionGuid = {4A829F96-9A2D-4506-A552-0A18D18AA2E4}
	EndGlobalSection
EndGlobal
